// !$*UTF8*$!
{
	archiveVersion = 1;
	classes = {
	};
	objectVersion = 46;
	objects = {

/* Begin PBXAggregateTarget section */
		012521D614CDC9AB00E12214 /* StaticFramework-iOS */ = {
			isa = PBXAggregateTarget;
			buildConfigurationList = 012521D714CDC9AB00E12214 /* Build configuration list for PBXAggregateTarget "StaticFramework-iOS" */;
			buildPhases = (
				012521DA14CDC9BC00E12214 /* Build Static Lib */,
				012521DB14CDC9E200E12214 /* Build Universal Framework */,
				012521DC14CDCA1000E12214 /* CopyFiles */,
			);
			dependencies = (
			);
			name = "StaticFramework-iOS";
			productName = "StaticFramework-iOS";
		};
/* End PBXAggregateTarget section */

/* Begin PBXBuildFile section */
		012521CA14CDC95500E12214 /* Foundation.framework in Frameworks */ = {isa = PBXBuildFile; fileRef = 012521C914CDC95500E12214 /* Foundation.framework */; };
		012521D014CDC95500E12214 /* StaticFramework.m in Sources */ = {isa = PBXBuildFile; fileRef = 012521CF14CDC95500E12214 /* StaticFramework.m */; };
		012521DD14CDCA2200E12214 /* StaticFramework.h in CopyFiles */ = {isa = PBXBuildFile; fileRef = 012521CE14CDC95500E12214 /* StaticFramework.h */; };
/* End PBXBuildFile section */

/* Begin PBXCopyFilesBuildPhase section */
		012521DC14CDCA1000E12214 /* CopyFiles */ = {
			isa = PBXCopyFilesBuildPhase;
			buildActionMask = 2147483647;
			dstPath = "${BUILD_DIR}/${CONFIGURATION}-iphoneuniversal/${PRODUCT_NAME}.framework/Versions/A/Headers/";
			dstSubfolderSpec = 0;
			files = (
				012521DD14CDCA2200E12214 /* StaticFramework.h in CopyFiles */,
			);
			runOnlyForDeploymentPostprocessing = 0;
		};
/* End PBXCopyFilesBuildPhase section */

/* Begin PBXFileReference section */
		012521C614CDC95500E12214 /* libStaticFramework.a */ = {isa = PBXFileReference; explicitFileType = archive.ar; includeInIndex = 0; path = libStaticFramework.a; sourceTree = BUILT_PRODUCTS_DIR; };
		012521C914CDC95500E12214 /* Foundation.framework */ = {isa = PBXFileReference; lastKnownFileType = wrapper.framework; name = Foundation.framework; path = System/Library/Frameworks/Foundation.framework; sourceTree = SDKROOT; };
		012521CD14CDC95500E12214 /* StaticFramework-Prefix.pch */ = {isa = PBXFileReference; lastKnownFileType = sourcecode.c.h; path = "StaticFramework-Prefix.pch"; sourceTree = "<group>"; };
		012521CE14CDC95500E12214 /* StaticFramework.h */ = {isa = PBXFileReference; lastKnownFileType = sourcecode.c.h; path = StaticFramework.h; sourceTree = "<group>"; };
		012521CF14CDC95500E12214 /* StaticFramework.m */ = {isa = PBXFileReference; lastKnownFileType = sourcecode.c.objc; path = StaticFramework.m; sourceTree = "<group>"; };
/* End PBXFileReference section */

/* Begin PBXFrameworksBuildPhase section */
		012521C314CDC95500E12214 /* Frameworks */ = {
			isa = PBXFrameworksBuildPhase;
			buildActionMask = 2147483647;
			files = (
				012521CA14CDC95500E12214 /* Foundation.framework in Frameworks */,
			);
			runOnlyForDeploymentPostprocessing = 0;
		};
/* End PBXFrameworksBuildPhase section */

/* Begin PBXGroup section */
		012521BB14CDC95500E12214 = {
			isa = PBXGroup;
			children = (
				012521CB14CDC95500E12214 /* StaticFramework */,
				012521C814CDC95500E12214 /* Frameworks */,
				012521C714CDC95500E12214 /* Products */,
			);
			sourceTree = "<group>";
		};
		012521C714CDC95500E12214 /* Products */ = {
			isa = PBXGroup;
			children = (
				012521C614CDC95500E12214 /* libStaticFramework.a */,
			);
			name = Products;
			sourceTree = "<group>";
		};
		012521C814CDC95500E12214 /* Frameworks */ = {
			isa = PBXGroup;
			children = (
				012521C914CDC95500E12214 /* Foundation.framework */,
			);
			name = Frameworks;
			sourceTree = "<group>";
		};
		012521CB14CDC95500E12214 /* StaticFramework */ = {
			isa = PBXGroup;
			children = (
				012521CE14CDC95500E12214 /* StaticFramework.h */,
				012521CF14CDC95500E12214 /* StaticFramework.m */,
				012521CC14CDC95500E12214 /* Supporting Files */,
			);
			path = StaticFramework;
			sourceTree = "<group>";
		};
		012521CC14CDC95500E12214 /* Supporting Files */ = {
			isa = PBXGroup;
			children = (
				012521CD14CDC95500E12214 /* StaticFramework-Prefix.pch */,
			);
			name = "Supporting Files";
			sourceTree = "<group>";
		};
/* End PBXGroup section */

/* Begin PBXHeadersBuildPhase section */
		012521C414CDC95500E12214 /* Headers */ = {
			isa = PBXHeadersBuildPhase;
			buildActionMask = 2147483647;
			files = (
			);
			runOnlyForDeploymentPostprocessing = 0;
		};
/* End PBXHeadersBuildPhase section */

/* Begin PBXNativeTarget section */
		012521C514CDC95500E12214 /* StaticFramework */ = {
			isa = PBXNativeTarget;
			buildConfigurationList = 012521D314CDC95500E12214 /* Build configuration list for PBXNativeTarget "StaticFramework" */;
			buildPhases = (
				012521C214CDC95500E12214 /* Sources */,
				012521C314CDC95500E12214 /* Frameworks */,
				012521C414CDC95500E12214 /* Headers */,
			);
			buildRules = (
			);
			dependencies = (
			);
			name = StaticFramework;
			productName = StaticFramework;
			productReference = 012521C614CDC95500E12214 /* libStaticFramework.a */;
			productType = "com.apple.product-type.library.static";
		};
/* End PBXNativeTarget section */

/* Begin PBXProject section */
		012521BD14CDC95500E12214 /* Project object */ = {
			isa = PBXProject;
			attributes = {
				LastUpgradeCheck = 0420;
				ORGANIZATIONNAME = VW;
			};
			buildConfigurationList = 012521C014CDC95500E12214 /* Build configuration list for PBXProject "StaticFramework" */;
			compatibilityVersion = "Xcode 3.2";
			developmentRegion = English;
			hasScannedForEncodings = 0;
			knownRegions = (
				en,
			);
			mainGroup = 012521BB14CDC95500E12214;
			productRefGroup = 012521C714CDC95500E12214 /* Products */;
			projectDirPath = "";
			projectRoot = "";
			targets = (
				012521C514CDC95500E12214 /* StaticFramework */,
				012521D614CDC9AB00E12214 /* StaticFramework-iOS */,
			);
		};
/* End PBXProject section */

/* Begin PBXShellScriptBuildPhase section */
		012521DA14CDC9BC00E12214 /* Build Static Lib */ = {
			isa = PBXShellScriptBuildPhase;
			buildActionMask = 2147483647;
			files = (
			);
			inputPaths = (
			);
			name = "Build Static Lib";
			outputPaths = (
			);
			runOnlyForDeploymentPostprocessing = 0;
			shellPath = /bin/sh;
			shellScript = "\nxcodebuild -project ${PROJECT_NAME}.xcodeproj -sdk iphonesimulator -target ${PROJECT_NAME} -configuration ${CONFIGURATION} clean build\n\nxcodebuild -project ${PROJECT_NAME}.xcodeproj -sdk iphoneos -target ${PROJECT_NAME} -configuration ${CONFIGURATION} clean build\n";
		};
		012521DB14CDC9E200E12214 /* Build Universal Framework */ = {
			isa = PBXShellScriptBuildPhase;
			buildActionMask = 2147483647;
			files = (
			);
			inputPaths = (
			);
			name = "Build Universal Framework";
			outputPaths = (
			);
			runOnlyForDeploymentPostprocessing = 0;
			shellPath = /bin/sh;
			shellScript = "\n\nSIMULATOR_LIBRARY_PATH=\"${BUILD_DIR}/${CONFIGURATION}-iphonesimulator/lib${PROJECT_NAME}.a\" &&\nDEVICE_LIBRARY_PATH=\"${BUILD_DIR}/${CONFIGURATION}-iphoneos/lib${PROJECT_NAME}.a\" &&\nUNIVERSAL_LIBRARY_DIR=\"${BUILD_DIR}/${CONFIGURATION}-iphoneuniversal\" &&\nUNIVERSAL_LIBRARY_PATH=\"${UNIVERSAL_LIBRARY_DIR}/${PRODUCT_NAME}\" &&\nFRAMEWORK=\"${UNIVERSAL_LIBRARY_DIR}/${PRODUCT_NAME}.framework\" &&\n\n# Create framework directory structure.\nrm -rf \"${FRAMEWORK}\" &&\nmkdir -p \"${UNIVERSAL_LIBRARY_DIR}\" &&\nmkdir -p \"${FRAMEWORK}/Versions/A/Headers\" &&\nmkdir -p \"${FRAMEWORK}/Versions/A/Resources\" &&\n\n# Generate universal binary for the device and simulator.\nlipo \"${SIMULATOR_LIBRARY_PATH}\" \"${DEVICE_LIBRARY_PATH}\" -create -output \"${UNIVERSAL_LIBRARY_PATH}\" &&\n\n# Move files to appropriate locations in framework paths.\ncp \"${UNIVERSAL_LIBRARY_PATH}\" \"${FRAMEWORK}/Versions/A\" &&\nln -s \"A\" \"${FRAMEWORK}/Versions/Current\" &&\nln -s \"Versions/Current/Headers\" \"${FRAMEWORK}/Headers\" &&\nln -s \"Versions/Current/Resources\" \"${FRAMEWORK}/Resources\" &&\nln -s \"Versions/Current/${PRODUCT_NAME}\" \"${FRAMEWORK}/${PRODUCT_NAME}\"\n";
		};
/* End PBXShellScriptBuildPhase section */

/* Begin PBXSourcesBuildPhase section */
		012521C214CDC95500E12214 /* Sources */ = {
			isa = PBXSourcesBuildPhase;
			buildActionMask = 2147483647;
			files = (
				012521D014CDC95500E12214 /* StaticFramework.m in Sources */,
			);
			runOnlyForDeploymentPostprocessing = 0;
		};
/* End PBXSourcesBuildPhase section */

/* Begin XCBuildConfiguration section */
		012521D114CDC95500E12214 /* Debug */ = {
			isa = XCBuildConfiguration;
			buildSettings = {
				ALWAYS_SEARCH_USER_PATHS = NO;
				ARCHS = (
					i386,
					"$(ARCHS_STANDARD_32_BIT)",
				);
				COPY_PHASE_STRIP = NO;
				GCC_C_LANGUAGE_STANDARD = gnu99;
				GCC_DYNAMIC_NO_PIC = NO;
				GCC_OPTIMIZATION_LEVEL = 0;
				GCC_PREPROCESSOR_DEFINITIONS = (
					"DEBUG=1",
					"$(inherited)",
				);
				GCC_SYMBOLS_PRIVATE_EXTERN = NO;
				GCC_VERSION = com.apple.compilers.llvm.clang.1_0;
				GCC_WARN_ABOUT_MISSING_PROTOTYPES = YES;
				GCC_WARN_ABOUT_RETURN_TYPE = YES;
				GCC_WARN_UNUSED_VARIABLE = YES;
				IPHONEOS_DEPLOYMENT_TARGET = 5.0;
				SDKROOT = iphoneos;
				VALID_ARCHS = "$(ARCHS_STANDARD_32_BIT)";
			};
			name = Debug;
		};
		012521D214CDC95500E12214 /* Release */ = {
			isa = XCBuildConfiguration;
			buildSettings = {
				ALWAYS_SEARCH_USER_PATHS = NO;
				ARCHS = (
					i386,
					"$(ARCHS_STANDARD_32_BIT)",
				);
				COPY_PHASE_STRIP = YES;
				GCC_C_LANGUAGE_STANDARD = gnu99;
				GCC_VERSION = com.apple.compilers.llvm.clang.1_0;
				GCC_WARN_ABOUT_MISSING_PROTOTYPES = YES;
				GCC_WARN_ABOUT_RETURN_TYPE = YES;
				GCC_WARN_UNUSED_VARIABLE = YES;
				IPHONEOS_DEPLOYMENT_TARGET = 5.0;
				SDKROOT = iphoneos;
				VALIDATE_PRODUCT = YES;
				VALID_ARCHS = "$(ARCHS_STANDARD_32_BIT)";
			};
			name = Release;
		};
		012521D414CDC95500E12214 /* Debug */ = {
			isa = XCBuildConfiguration;
			buildSettings = {
				ARCHS = "$(ARCHS_STANDARD_32_BIT)";
				DSTROOT = /tmp/StaticFramework.dst;
				GCC_PRECOMPILE_PREFIX_HEADER = YES;
				GCC_PREFIX_HEADER = "StaticFramework/StaticFramework-Prefix.pch";
				OTHER_LDFLAGS = "-ObjC";
				PRODUCT_NAME = "$(TARGET_NAME)";
				SKIP_INSTALL = YES;
			};
			name = Debug;
		};
		012521D514CDC95500E12214 /* Release */ = {
			isa = XCBuildConfiguration;
			buildSettings = {
				ARCHS = "$(ARCHS_STANDARD_32_BIT)";
				DSTROOT = /tmp/StaticFramework.dst;
				GCC_PRECOMPILE_PREFIX_HEADER = YES;
				GCC_PREFIX_HEADER = "StaticFramework/StaticFramework-Prefix.pch";
				OTHER_LDFLAGS = "-ObjC";
				PRODUCT_NAME = "$(TARGET_NAME)";
				SKIP_INSTALL = YES;
			};
			name = Release;
		};
		012521D814CDC9AB00E12214 /* Debug */ = {
			isa = XCBuildConfiguration;
			buildSettings = {
				PRODUCT_NAME = "$(TARGET_NAME)";
			};
			name = Debug;
		};
		012521D914CDC9AB00E12214 /* Release */ = {
			isa = XCBuildConfiguration;
			buildSettings = {
				PRODUCT_NAME = "$(TARGET_NAME)";
			};
			name = Release;
		};
/* End XCBuildConfiguration section */

/* Begin XCConfigurationList section */
		012521C014CDC95500E12214 /* Build configuration list for PBXProject "StaticFramework" */ = {
			isa = XCConfigurationList;
			buildConfigurations = (
				012521D114CDC95500E12214 /* Debug */,
				012521D214CDC95500E12214 /* Release */,
			);
			defaultConfigurationIsVisible = 0;
			defaultConfigurationName = Release;
		};
		012521D314CDC95500E12214 /* Build configuration list for PBXNativeTarget "StaticFramework" */ = {
			isa = XCConfigurationList;
			buildConfigurations = (
				012521D414CDC95500E12214 /* Debug */,
				012521D514CDC95500E12214 /* Release */,
			);
			defaultConfigurationIsVisible = 0;
			defaultConfigurationName = Release;
		};
		012521D714CDC9AB00E12214 /* Build configuration list for PBXAggregateTarget "StaticFramework-iOS" */ = {
			isa = XCConfigurationList;
			buildConfigurations = (
				012521D814CDC9AB00E12214 /* Debug */,
				012521D914CDC9AB00E12214 /* Release */,
			);
			defaultConfigurationIsVisible = 0;
			defaultConfigurationName = Release;
		};
/* End XCConfigurationList section */
	};
	rootObject = 012521BD14CDC95500E12214 /* Project object */;
}
